
Microsoft Visual Studio Solution File, Format Version 12.00
# Visual Studio 15
VisualStudioVersion = 15.0.27428.2027
MinimumVisualStudioVersion = 10.0.40219.1
Project("{9A19103F-16F7-4668-BE54-9A1E7A4F7556}") = "Divergic.Logging", "Divergic.Logging\Divergic.Logging.csproj", "{1D42E6CC-0B85-4368-8FDE-D1CB8A346889}"
EndProject
Project("{9A19103F-16F7-4668-BE54-9A1E7A4F7556}") = "Divergic.Logging.UnitTests", "Divergic.Logging.UnitTests\Divergic.Logging.UnitTests.csproj", "{F6EB7640-3041-4F02-AD4D-F1FA0ED2573B}"
EndProject
Project("{9A19103F-16F7-4668-BE54-9A1E7A4F7556}") = "Divergic.Logging.NodaTime", "Divergic.Logging.NodaTime\Divergic.Logging.NodaTime.csproj", "{69EEB722-702B-483E-809D-2327521C366F}"
EndProject
Project("{9A19103F-16F7-4668-BE54-9A1E7A4F7556}") = "Divergic.Logging.NodaTime.UnitTests", "Divergic.Logging.NodaTime.UnitTests\Divergic.Logging.NodaTime.UnitTests.csproj", "{DDDAB462-455B-494D-A431-9E3486F9A409}"
EndProject
Project("{2150E333-8FDC-42A3-9474-1A3956D46DE8}") = "Application", "Application", "{7ED45139-C14E-4584-8A0A-8C4D4CCC163B}"
EndProject
Project("{2150E333-8FDC-42A3-9474-1A3956D46DE8}") = "Unit Tests", "Unit Tests", "{0D524C77-3D01-4BD3-93E8-D543C3CD8320}"
EndProject
Project("{2150E333-8FDC-42A3-9474-1A3956D46DE8}") = "Solution Items", "Solution Items", "{A6349EC7-FA01-41DC-8950-1F3D950F35A8}"
	ProjectSection(SolutionItems) = preProject
		.gitignore = .gitignore
		GitVersion.yml = GitVersion.yml
		LICENSE = LICENSE
		README.md = README.md
	EndProjectSection
EndProject
Global
	GlobalSection(SolutionConfigurationPlatforms) = preSolution
		Debug|Any CPU = Debug|Any CPU
		Release|Any CPU = Release|Any CPU
	EndGlobalSection
	GlobalSection(ProjectConfigurationPlatforms) = postSolution
		{1D42E6CC-0B85-4368-8FDE-D1CB8A346889}.Debug|Any CPU.ActiveCfg = Debug|Any CPU
		{1D42E6CC-0B85-4368-8FDE-D1CB8A346889}.Debug|Any CPU.Build.0 = Debug|Any CPU
		{1D42E6CC-0B85-4368-8FDE-D1CB8A346889}.Release|Any CPU.ActiveCfg = Release|Any CPU
		{1D42E6CC-0B85-4368-8FDE-D1CB8A346889}.Release|Any CPU.Build.0 = Release|Any CPU
		{F6EB7640-3041-4F02-AD4D-F1FA0ED2573B}.Debug|Any CPU.ActiveCfg = Debug|Any CPU
		{F6EB7640-3041-4F02-AD4D-F1FA0ED2573B}.Debug|Any CPU.Build.0 = Debug|Any CPU
		{F6EB7640-3041-4F02-AD4D-F1FA0ED2573B}.Release|Any CPU.ActiveCfg = Release|Any CPU
		{F6EB7640-3041-4F02-AD4D-F1FA0ED2573B}.Release|Any CPU.Build.0 = Release|Any CPU
		{69EEB722-702B-483E-809D-2327521C366F}.Debug|Any CPU.ActiveCfg = Debug|Any CPU
		{69EEB722-702B-483E-809D-2327521C366F}.Debug|Any CPU.Build.0 = Debug|Any CPU
		{69EEB722-702B-483E-809D-2327521C366F}.Release|Any CPU.ActiveCfg = Release|Any CPU
		{69EEB722-702B-483E-809D-2327521C366F}.Release|Any CPU.Build.0 = Release|Any CPU
		{DDDAB462-455B-494D-A431-9E3486F9A409}.Debug|Any CPU.ActiveCfg = Debug|Any CPU
		{DDDAB462-455B-494D-A431-9E3486F9A409}.Debug|Any CPU.Build.0 = Debug|Any CPU
		{DDDAB462-455B-494D-A431-9E3486F9A409}.Release|Any CPU.ActiveCfg = Release|Any CPU
		{DDDAB462-455B-494D-A431-9E3486F9A409}.Release|Any CPU.Build.0 = Release|Any CPU
	EndGlobalSection
	GlobalSection(SolutionProperties) = preSolution
		HideSolutionNode = FALSE
	EndGlobalSection
	GlobalSection(NestedProjects) = preSolution
		{1D42E6CC-0B85-4368-8FDE-D1CB8A346889} = {7ED45139-C14E-4584-8A0A-8C4D4CCC163B}
		{F6EB7640-3041-4F02-AD4D-F1FA0ED2573B} = {0D524C77-3D01-4BD3-93E8-D543C3CD8320}
		{69EEB722-702B-483E-809D-2327521C366F} = {7ED45139-C14E-4584-8A0A-8C4D4CCC163B}
		{DDDAB462-455B-494D-A431-9E3486F9A409} = {0D524C77-3D01-4BD3-93E8-D543C3CD8320}
	EndGlobalSection
	GlobalSection(ExtensibilityGlobals) = postSolution
		SolutionGuid = {86D69A60-BDC1-46D5-A3E7-FEBB50362170}
	EndGlobalSection
EndGlobal
